{
  "requires": true,
  "lockfileVersion": 1,
  "dependencies": {
    "vue-toasted": {
      "version": "1.1.26",
      "resolved": "https://registry.npmjs.org/vue-toasted/-/vue-toasted-1.1.26.tgz",
      "integrity": "sha512-Z4/gfPcqdzsRvif7UITrZOkh3C6jm0yQKJyr9kX31IGWXor5dNipE1Sc5SnlL5RLmY7vlLa+SqIjc9Gbpy7V0g=="
    }
  }
}
